
Microsoft Visual Studio Solution File, Format Version 12.00
# Visual Studio Version 16
VisualStudioVersion = 16.0.32413.511
MinimumVisualStudioVersion = 10.0.40219.1
Project("{FAE04EC0-301F-11D3-BF4B-00C04F79EFBC}") = "Empresas abc", "Empresas abc\Empresas abc.csproj", "{B207F11A-F1C9-4026-A63C-FA87EF067C5F}"
EndProject
Project("{FAE04EC0-301F-11D3-BF4B-00C04F79EFBC}") = "ViewModel", "ViewModel\ViewModel.csproj", "{B1ABC8CC-E29F-4FB3-B3B6-6B36F84BB33D}"
EndProject
Project("{FAE04EC0-301F-11D3-BF4B-00C04F79EFBC}") = "TTiendad", "TTiendad\TTiendad.csproj", "{C1BF6C47-8B77-4F5A-BC9F-CC8316990020}"
EndProject
Global
	GlobalSection(SolutionConfigurationPlatforms) = preSolution
		Debug|Any CPU = Debug|Any CPU
		Release|Any CPU = Release|Any CPU
	EndGlobalSection
	GlobalSection(ProjectConfigurationPlatforms) = postSolution
		{B207F11A-F1C9-4026-A63C-FA87EF067C5F}.Debug|Any CPU.ActiveCfg = Debug|Any CPU
		{B207F11A-F1C9-4026-A63C-FA87EF067C5F}.Debug|Any CPU.Build.0 = Debug|Any CPU
		{B207F11A-F1C9-4026-A63C-FA87EF067C5F}.Release|Any CPU.ActiveCfg = Release|Any CPU
		{B207F11A-F1C9-4026-A63C-FA87EF067C5F}.Release|Any CPU.Build.0 = Release|Any CPU
		{B1ABC8CC-E29F-4FB3-B3B6-6B36F84BB33D}.Debug|Any CPU.ActiveCfg = Debug|Any CPU
		{B1ABC8CC-E29F-4FB3-B3B6-6B36F84BB33D}.Debug|Any CPU.Build.0 = Debug|Any CPU
		{B1ABC8CC-E29F-4FB3-B3B6-6B36F84BB33D}.Release|Any CPU.ActiveCfg = Release|Any CPU
		{B1ABC8CC-E29F-4FB3-B3B6-6B36F84BB33D}.Release|Any CPU.Build.0 = Release|Any CPU
		{C1BF6C47-8B77-4F5A-BC9F-CC8316990020}.Debug|Any CPU.ActiveCfg = Debug|Any CPU
		{C1BF6C47-8B77-4F5A-BC9F-CC8316990020}.Debug|Any CPU.Build.0 = Debug|Any CPU
		{C1BF6C47-8B77-4F5A-BC9F-CC8316990020}.Release|Any CPU.ActiveCfg = Release|Any CPU
		{C1BF6C47-8B77-4F5A-BC9F-CC8316990020}.Release|Any CPU.Build.0 = Release|Any CPU
	EndGlobalSection
	GlobalSection(SolutionProperties) = preSolution
		HideSolutionNode = FALSE
	EndGlobalSection
	GlobalSection(ExtensibilityGlobals) = postSolution
		SolutionGuid = {41DAE676-1018-455D-8879-E43FAD557F8B}
	EndGlobalSection
EndGlobal
